
Microsoft Visual Studio Solution File, Format Version 12.00
# Visual Studio Version 17
VisualStudioVersion = 17.4.33213.308
MinimumVisualStudioVersion = 10.0.40219.1
Project("{9A19103F-16F7-4668-BE54-9A1E7A4F7556}") = "FirstApp", "FirstApp\FirstApp.csproj", "{8B0AC42D-BDC1-454B-AD5D-D5618892F125}"
EndProject
Project("{9A19103F-16F7-4668-BE54-9A1E7A4F7556}") = "Variables_Example1", "Variables_Example1\Variables_Example1.csproj", "{FBE764D7-611C-4C04-BF33-641752F50950}"
EndProject
Project("{9A19103F-16F7-4668-BE54-9A1E7A4F7556}") = "Variables_Example2", "Variables_Example2\Variables_Example2.csproj", "{CECC3D0F-FAAE-4645-BC5E-B82E2A5A8183}"
EndProject
Project("{9A19103F-16F7-4668-BE54-9A1E7A4F7556}") = "Variables_Example3", "Variables_Example3\Variables_Example3.csproj", "{3F1AA1A1-4438-4A2A-8192-FC502D691417}"
EndProject
Project("{9A19103F-16F7-4668-BE54-9A1E7A4F7556}") = "Variables_Example4", "Variables_Example4\Variables_Example4.csproj", "{79672104-1370-4D0A-AC2B-1836549CB394}"
EndProject
Project("{9A19103F-16F7-4668-BE54-9A1E7A4F7556}") = "Conditionals_Example2", "Conditionals_Example2\Conditionals_Example2.csproj", "{44860D40-3C06-4C8A-851F-E48F89C2BEE5}"
EndProject
Project("{9A19103F-16F7-4668-BE54-9A1E7A4F7556}") = "Loops_Example1", "Loops_Example1\Loops_Example1.csproj", "{6E834F29-FE55-4B23-AE2A-B5EE96F936F2}"
EndProject
Project("{9A19103F-16F7-4668-BE54-9A1E7A4F7556}") = "Loops_Example2", "Loops_Example2\Loops_Example2.csproj", "{62AA339C-9B4A-43BC-B11D-41DBABB8B5F0}"
EndProject
Project("{9A19103F-16F7-4668-BE54-9A1E7A4F7556}") = "Loops_Example3", "Loops_Example3\Loops_Example3.csproj", "{5293F548-CD44-48E9-AE0C-87A5EDA6C966}"
EndProject
Project("{9A19103F-16F7-4668-BE54-9A1E7A4F7556}") = "Loops_ReadingInAFile", "Loops_ReadingInAFile\Loops_ReadingInAFile.csproj", "{EE8FF4EB-F555-40AB-BEFA-2A31E1F049E4}"
EndProject
Project("{9A19103F-16F7-4668-BE54-9A1E7A4F7556}") = "StringManipulation_Example2", "StringManipulation_Example2\StringManipulation_Example2.csproj", "{7393121B-8815-4093-874A-FFFB052EFF69}"
EndProject
Project("{FAE04EC0-301F-11D3-BF4B-00C04F79EFBC}") = "Collections_Arrays", "Collections_Arrays\Collections_Arrays.csproj", "{69AEC69B-6241-4EB1-8926-E85EBB9BBE05}"
EndProject
Project("{FAE04EC0-301F-11D3-BF4B-00C04F79EFBC}") = "Collections_Lists", "Collections_Lists\Collections_Lists.csproj", "{BF281CA4-0709-4199-A015-BDD7BD4838C9}"
EndProject
Global
	GlobalSection(SolutionConfigurationPlatforms) = preSolution
		Debug|Any CPU = Debug|Any CPU
		Release|Any CPU = Release|Any CPU
	EndGlobalSection
	GlobalSection(ProjectConfigurationPlatforms) = postSolution
		{8B0AC42D-BDC1-454B-AD5D-D5618892F125}.Debug|Any CPU.ActiveCfg = Debug|Any CPU
		{8B0AC42D-BDC1-454B-AD5D-D5618892F125}.Debug|Any CPU.Build.0 = Debug|Any CPU
		{8B0AC42D-BDC1-454B-AD5D-D5618892F125}.Release|Any CPU.ActiveCfg = Release|Any CPU
		{8B0AC42D-BDC1-454B-AD5D-D5618892F125}.Release|Any CPU.Build.0 = Release|Any CPU
		{FBE764D7-611C-4C04-BF33-641752F50950}.Debug|Any CPU.ActiveCfg = Debug|Any CPU
		{FBE764D7-611C-4C04-BF33-641752F50950}.Debug|Any CPU.Build.0 = Debug|Any CPU
		{FBE764D7-611C-4C04-BF33-641752F50950}.Release|Any CPU.ActiveCfg = Release|Any CPU
		{FBE764D7-611C-4C04-BF33-641752F50950}.Release|Any CPU.Build.0 = Release|Any CPU
		{CECC3D0F-FAAE-4645-BC5E-B82E2A5A8183}.Debug|Any CPU.ActiveCfg = Debug|Any CPU
		{CECC3D0F-FAAE-4645-BC5E-B82E2A5A8183}.Debug|Any CPU.Build.0 = Debug|Any CPU
		{CECC3D0F-FAAE-4645-BC5E-B82E2A5A8183}.Release|Any CPU.ActiveCfg = Release|Any CPU
		{CECC3D0F-FAAE-4645-BC5E-B82E2A5A8183}.Release|Any CPU.Build.0 = Release|Any CPU
		{3F1AA1A1-4438-4A2A-8192-FC502D691417}.Debug|Any CPU.ActiveCfg = Debug|Any CPU
		{3F1AA1A1-4438-4A2A-8192-FC502D691417}.Debug|Any CPU.Build.0 = Debug|Any CPU
		{3F1AA1A1-4438-4A2A-8192-FC502D691417}.Release|Any CPU.ActiveCfg = Release|Any CPU
		{3F1AA1A1-4438-4A2A-8192-FC502D691417}.Release|Any CPU.Build.0 = Release|Any CPU
		{79672104-1370-4D0A-AC2B-1836549CB394}.Debug|Any CPU.ActiveCfg = Debug|Any CPU
		{79672104-1370-4D0A-AC2B-1836549CB394}.Debug|Any CPU.Build.0 = Debug|Any CPU
		{79672104-1370-4D0A-AC2B-1836549CB394}.Release|Any CPU.ActiveCfg = Release|Any CPU
		{79672104-1370-4D0A-AC2B-1836549CB394}.Release|Any CPU.Build.0 = Release|Any CPU
		{44860D40-3C06-4C8A-851F-E48F89C2BEE5}.Debug|Any CPU.ActiveCfg = Debug|Any CPU
		{44860D40-3C06-4C8A-851F-E48F89C2BEE5}.Debug|Any CPU.Build.0 = Debug|Any CPU
		{44860D40-3C06-4C8A-851F-E48F89C2BEE5}.Release|Any CPU.ActiveCfg = Release|Any CPU
		{44860D40-3C06-4C8A-851F-E48F89C2BEE5}.Release|Any CPU.Build.0 = Release|Any CPU
		{6E834F29-FE55-4B23-AE2A-B5EE96F936F2}.Debug|Any CPU.ActiveCfg = Debug|Any CPU
		{6E834F29-FE55-4B23-AE2A-B5EE96F936F2}.Debug|Any CPU.Build.0 = Debug|Any CPU
		{6E834F29-FE55-4B23-AE2A-B5EE96F936F2}.Release|Any CPU.ActiveCfg = Release|Any CPU
		{6E834F29-FE55-4B23-AE2A-B5EE96F936F2}.Release|Any CPU.Build.0 = Release|Any CPU
		{62AA339C-9B4A-43BC-B11D-41DBABB8B5F0}.Debug|Any CPU.ActiveCfg = Debug|Any CPU
		{62AA339C-9B4A-43BC-B11D-41DBABB8B5F0}.Debug|Any CPU.Build.0 = Debug|Any CPU
		{62AA339C-9B4A-43BC-B11D-41DBABB8B5F0}.Release|Any CPU.ActiveCfg = Release|Any CPU
		{62AA339C-9B4A-43BC-B11D-41DBABB8B5F0}.Release|Any CPU.Build.0 = Release|Any CPU
		{5293F548-CD44-48E9-AE0C-87A5EDA6C966}.Debug|Any CPU.ActiveCfg = Debug|Any CPU
		{5293F548-CD44-48E9-AE0C-87A5EDA6C966}.Debug|Any CPU.Build.0 = Debug|Any CPU
		{5293F548-CD44-48E9-AE0C-87A5EDA6C966}.Release|Any CPU.ActiveCfg = Release|Any CPU
		{5293F548-CD44-48E9-AE0C-87A5EDA6C966}.Release|Any CPU.Build.0 = Release|Any CPU
		{EE8FF4EB-F555-40AB-BEFA-2A31E1F049E4}.Debug|Any CPU.ActiveCfg = Debug|Any CPU
		{EE8FF4EB-F555-40AB-BEFA-2A31E1F049E4}.Debug|Any CPU.Build.0 = Debug|Any CPU
		{EE8FF4EB-F555-40AB-BEFA-2A31E1F049E4}.Release|Any CPU.ActiveCfg = Release|Any CPU
		{EE8FF4EB-F555-40AB-BEFA-2A31E1F049E4}.Release|Any CPU.Build.0 = Release|Any CPU
		{7393121B-8815-4093-874A-FFFB052EFF69}.Debug|Any CPU.ActiveCfg = Debug|Any CPU
		{7393121B-8815-4093-874A-FFFB052EFF69}.Debug|Any CPU.Build.0 = Debug|Any CPU
		{7393121B-8815-4093-874A-FFFB052EFF69}.Release|Any CPU.ActiveCfg = Release|Any CPU
		{7393121B-8815-4093-874A-FFFB052EFF69}.Release|Any CPU.Build.0 = Release|Any CPU
		{69AEC69B-6241-4EB1-8926-E85EBB9BBE05}.Debug|Any CPU.ActiveCfg = Debug|Any CPU
		{69AEC69B-6241-4EB1-8926-E85EBB9BBE05}.Debug|Any CPU.Build.0 = Debug|Any CPU
		{69AEC69B-6241-4EB1-8926-E85EBB9BBE05}.Release|Any CPU.ActiveCfg = Release|Any CPU
		{69AEC69B-6241-4EB1-8926-E85EBB9BBE05}.Release|Any CPU.Build.0 = Release|Any CPU
		{BF281CA4-0709-4199-A015-BDD7BD4838C9}.Debug|Any CPU.ActiveCfg = Debug|Any CPU
		{BF281CA4-0709-4199-A015-BDD7BD4838C9}.Debug|Any CPU.Build.0 = Debug|Any CPU
		{BF281CA4-0709-4199-A015-BDD7BD4838C9}.Release|Any CPU.ActiveCfg = Release|Any CPU
		{BF281CA4-0709-4199-A015-BDD7BD4838C9}.Release|Any CPU.Build.0 = Release|Any CPU
	EndGlobalSection
	GlobalSection(SolutionProperties) = preSolution
		HideSolutionNode = FALSE
	EndGlobalSection
	GlobalSection(ExtensibilityGlobals) = postSolution
		SolutionGuid = {EE4E12D7-5B2F-4233-9B6F-7DB07D74C33F}
	EndGlobalSection
EndGlobal
